{
  "name": "Hexo-Blog",
  "lockfileVersion": 3,
  "requires": true,
  "packages": {
    "": {
      "dependencies": {
        "hexo-lazyload-image": "^1.1.3"
      }
    },
    "node_modules/hexo-lazyload-image": {
      "version": "1.1.3",
      "resolved": "https://registry.npmjs.org/hexo-lazyload-image/-/hexo-lazyload-image-1.1.3.tgz",
      "integrity": "sha512-ZjAd1p/3iNaDnXWPkODfZ1unhcd1nU4lhqdf/n4HWQK07cLerx2Vakt6+aKnuFXT2QBA9n1Mx4JoZ1BKOAV1Lw==",
      "license": "ISC",
      "dependencies": {
        "uglify-js": "^3.17.4"
      }
    },
    "node_modules/uglify-js": {
      "version": "3.19.3",
      "resolved": "https://registry.npmjs.org/uglify-js/-/uglify-js-3.19.3.tgz",
      "integrity": "sha512-v3Xu+yuwBXisp6QYTcH4UbH+xYJXqnq2m/LtQVWKWzYc1iehYnLixoQDN9FH6/j9/oybfd6W9Ghwkl8+UMKTKQ==",
      "license": "BSD-2-Clause",
      "bin": {
        "uglifyjs": "bin/uglifyjs"
      },
      "engines": {
        "node": ">=0.8.0"
      }
    }
  }
}
